
Microsoft Visual Studio Solution File, Format Version 12.00
# Visual Studio 15
VisualStudioVersion = 15.0.28307.168
MinimumVisualStudioVersion = 10.0.40219.1
Project("{9A19103F-16F7-4668-BE54-9A1E7A4F7556}") = "AspCoreTemplate.DAL", "AspCoreTemplate.DAL\AspCoreTemplate.DAL.csproj", "{FC4C3081-5458-4A49-9645-6427386F1C5D}"
EndProject
Project("{9A19103F-16F7-4668-BE54-9A1E7A4F7556}") = "AspCoreTemplate.BL", "AspCoreTemplate.BL\AspCoreTemplate.BL.csproj", "{173A93FE-7DB0-4BCE-9F2E-BD5CBE65F1C6}"
EndProject
Project("{9A19103F-16F7-4668-BE54-9A1E7A4F7556}") = "AspCoreTemplate.Web", "AspCoreTemplate.Web\AspCoreTemplate.Web.csproj", "{3D5A239F-CDE2-44CD-AFDB-33B577E797AF}"
EndProject
Global
	GlobalSection(SolutionConfigurationPlatforms) = preSolution
		Debug|Any CPU = Debug|Any CPU
		Release|Any CPU = Release|Any CPU
	EndGlobalSection
	GlobalSection(ProjectConfigurationPlatforms) = postSolution
		{FC4C3081-5458-4A49-9645-6427386F1C5D}.Debug|Any CPU.ActiveCfg = Debug|Any CPU
		{FC4C3081-5458-4A49-9645-6427386F1C5D}.Debug|Any CPU.Build.0 = Debug|Any CPU
		{FC4C3081-5458-4A49-9645-6427386F1C5D}.Release|Any CPU.ActiveCfg = Release|Any CPU
		{FC4C3081-5458-4A49-9645-6427386F1C5D}.Release|Any CPU.Build.0 = Release|Any CPU
		{173A93FE-7DB0-4BCE-9F2E-BD5CBE65F1C6}.Debug|Any CPU.ActiveCfg = Debug|Any CPU
		{173A93FE-7DB0-4BCE-9F2E-BD5CBE65F1C6}.Debug|Any CPU.Build.0 = Debug|Any CPU
		{173A93FE-7DB0-4BCE-9F2E-BD5CBE65F1C6}.Release|Any CPU.ActiveCfg = Release|Any CPU
		{173A93FE-7DB0-4BCE-9F2E-BD5CBE65F1C6}.Release|Any CPU.Build.0 = Release|Any CPU
		{3D5A239F-CDE2-44CD-AFDB-33B577E797AF}.Debug|Any CPU.ActiveCfg = Debug|Any CPU
		{3D5A239F-CDE2-44CD-AFDB-33B577E797AF}.Debug|Any CPU.Build.0 = Debug|Any CPU
		{3D5A239F-CDE2-44CD-AFDB-33B577E797AF}.Release|Any CPU.ActiveCfg = Release|Any CPU
		{3D5A239F-CDE2-44CD-AFDB-33B577E797AF}.Release|Any CPU.Build.0 = Release|Any CPU
	EndGlobalSection
	GlobalSection(SolutionProperties) = preSolution
		HideSolutionNode = FALSE
	EndGlobalSection
	GlobalSection(ExtensibilityGlobals) = postSolution
		SolutionGuid = {B1526571-91BE-49B8-8C93-55B068873390}
	EndGlobalSection
EndGlobal
